
Microsoft Visual Studio Solution File, Format Version 12.00
# Visual Studio Version 17
VisualStudioVersion = 17.2.32526.322
MinimumVisualStudioVersion = 10.0.40219.1
Project("{9A19103F-16F7-4668-BE54-9A1E7A4F7556}") = "AdoNet", "AdoNet\AdoNet.csproj", "{43595DBB-BE3D-440D-BF34-96C4EF78E260}"
EndProject
Project("{9A19103F-16F7-4668-BE54-9A1E7A4F7556}") = "AdoNet2", "AdoNet2\AdoNet2.csproj", "{13648EBC-F71D-44FD-B35F-D46B18CEEEDE}"
EndProject
Project("{9A19103F-16F7-4668-BE54-9A1E7A4F7556}") = "1_EfCoreFirst", "1_EfCoreFirst\1_EfCoreFirst.csproj", "{9AA20719-7537-48DC-8390-29FD87C78222}"
EndProject
Project("{9A19103F-16F7-4668-BE54-9A1E7A4F7556}") = "2_EfCoreFirst", "2_EfCoreFirst\2_EfCoreFirst.csproj", "{ACE0B488-D091-4C62-BF74-E8828FA12141}"
EndProject
Project("{9A19103F-16F7-4668-BE54-9A1E7A4F7556}") = "3_EfCore_EagerLoading", "3_EfCoreFirst\3_EfCore_EagerLoading.csproj", "{2C201B10-F1B0-40A1-9527-644FC774DEA4}"
EndProject
Project("{9A19103F-16F7-4668-BE54-9A1E7A4F7556}") = "4_EfCore_LazyLoading", "4_EfCore_LazyLoading\4_EfCore_LazyLoading.csproj", "{E0F869F8-4AD9-4F36-B3CB-10F7F03F9E03}"
EndProject
Project("{9A19103F-16F7-4668-BE54-9A1E7A4F7556}") = "5_EfCore_ExplictLoding", "5_EfCore_ExplictLoding\5_EfCore_ExplictLoding.csproj", "{707F44B4-4988-4861-95D0-9A7D6FF4823D}"
EndProject
Project("{9A19103F-16F7-4668-BE54-9A1E7A4F7556}") = "6_EfCore_Configuration_DataAnnotations", "6_EfCore_Configuration_DataAnnotations\6_EfCore_Configuration_DataAnnotations.csproj", "{C561ED29-1753-482F-AA7F-8CC852A09FD6}"
EndProject
Project("{FAE04EC0-301F-11D3-BF4B-00C04F79EFBC}") = "7_EfCore_Configuration_FluentApi", "7_EfCore_Configuration_FluentApi\7_EfCore_Configuration_FluentApi.csproj", "{118BA496-746F-497C-B4FB-6BFC885E5E6E}"
EndProject
Project("{FAE04EC0-301F-11D3-BF4B-00C04F79EFBC}") = "8_EfCore_Migration", "8_EfCore_Migration\8_EfCore_Migration.csproj", "{F8A8E2F3-711D-498B-8B8B-02F3469D4803}"
EndProject
Project("{FAE04EC0-301F-11D3-BF4B-00C04F79EFBC}") = "9_EfCore_Migration", "9_EfCore_Migration\9_EfCore_Migration.csproj", "{A4C4B0F2-D218-4D06-9235-D9A1850E3C25}"
EndProject
Global
	GlobalSection(SolutionConfigurationPlatforms) = preSolution
		Debug|Any CPU = Debug|Any CPU
		Release|Any CPU = Release|Any CPU
	EndGlobalSection
	GlobalSection(ProjectConfigurationPlatforms) = postSolution
		{43595DBB-BE3D-440D-BF34-96C4EF78E260}.Debug|Any CPU.ActiveCfg = Debug|Any CPU
		{43595DBB-BE3D-440D-BF34-96C4EF78E260}.Debug|Any CPU.Build.0 = Debug|Any CPU
		{43595DBB-BE3D-440D-BF34-96C4EF78E260}.Release|Any CPU.ActiveCfg = Release|Any CPU
		{43595DBB-BE3D-440D-BF34-96C4EF78E260}.Release|Any CPU.Build.0 = Release|Any CPU
		{13648EBC-F71D-44FD-B35F-D46B18CEEEDE}.Debug|Any CPU.ActiveCfg = Debug|Any CPU
		{13648EBC-F71D-44FD-B35F-D46B18CEEEDE}.Debug|Any CPU.Build.0 = Debug|Any CPU
		{13648EBC-F71D-44FD-B35F-D46B18CEEEDE}.Release|Any CPU.ActiveCfg = Release|Any CPU
		{13648EBC-F71D-44FD-B35F-D46B18CEEEDE}.Release|Any CPU.Build.0 = Release|Any CPU
		{9AA20719-7537-48DC-8390-29FD87C78222}.Debug|Any CPU.ActiveCfg = Debug|Any CPU
		{9AA20719-7537-48DC-8390-29FD87C78222}.Debug|Any CPU.Build.0 = Debug|Any CPU
		{9AA20719-7537-48DC-8390-29FD87C78222}.Release|Any CPU.ActiveCfg = Release|Any CPU
		{9AA20719-7537-48DC-8390-29FD87C78222}.Release|Any CPU.Build.0 = Release|Any CPU
		{ACE0B488-D091-4C62-BF74-E8828FA12141}.Debug|Any CPU.ActiveCfg = Debug|Any CPU
		{ACE0B488-D091-4C62-BF74-E8828FA12141}.Debug|Any CPU.Build.0 = Debug|Any CPU
		{ACE0B488-D091-4C62-BF74-E8828FA12141}.Release|Any CPU.ActiveCfg = Release|Any CPU
		{ACE0B488-D091-4C62-BF74-E8828FA12141}.Release|Any CPU.Build.0 = Release|Any CPU
		{2C201B10-F1B0-40A1-9527-644FC774DEA4}.Debug|Any CPU.ActiveCfg = Debug|Any CPU
		{2C201B10-F1B0-40A1-9527-644FC774DEA4}.Debug|Any CPU.Build.0 = Debug|Any CPU
		{2C201B10-F1B0-40A1-9527-644FC774DEA4}.Release|Any CPU.ActiveCfg = Release|Any CPU
		{2C201B10-F1B0-40A1-9527-644FC774DEA4}.Release|Any CPU.Build.0 = Release|Any CPU
		{E0F869F8-4AD9-4F36-B3CB-10F7F03F9E03}.Debug|Any CPU.ActiveCfg = Debug|Any CPU
		{E0F869F8-4AD9-4F36-B3CB-10F7F03F9E03}.Debug|Any CPU.Build.0 = Debug|Any CPU
		{E0F869F8-4AD9-4F36-B3CB-10F7F03F9E03}.Release|Any CPU.ActiveCfg = Release|Any CPU
		{E0F869F8-4AD9-4F36-B3CB-10F7F03F9E03}.Release|Any CPU.Build.0 = Release|Any CPU
		{707F44B4-4988-4861-95D0-9A7D6FF4823D}.Debug|Any CPU.ActiveCfg = Debug|Any CPU
		{707F44B4-4988-4861-95D0-9A7D6FF4823D}.Debug|Any CPU.Build.0 = Debug|Any CPU
		{707F44B4-4988-4861-95D0-9A7D6FF4823D}.Release|Any CPU.ActiveCfg = Release|Any CPU
		{707F44B4-4988-4861-95D0-9A7D6FF4823D}.Release|Any CPU.Build.0 = Release|Any CPU
		{C561ED29-1753-482F-AA7F-8CC852A09FD6}.Debug|Any CPU.ActiveCfg = Debug|Any CPU
		{C561ED29-1753-482F-AA7F-8CC852A09FD6}.Debug|Any CPU.Build.0 = Debug|Any CPU
		{C561ED29-1753-482F-AA7F-8CC852A09FD6}.Release|Any CPU.ActiveCfg = Release|Any CPU
		{C561ED29-1753-482F-AA7F-8CC852A09FD6}.Release|Any CPU.Build.0 = Release|Any CPU
		{118BA496-746F-497C-B4FB-6BFC885E5E6E}.Debug|Any CPU.ActiveCfg = Debug|Any CPU
		{118BA496-746F-497C-B4FB-6BFC885E5E6E}.Debug|Any CPU.Build.0 = Debug|Any CPU
		{118BA496-746F-497C-B4FB-6BFC885E5E6E}.Release|Any CPU.ActiveCfg = Release|Any CPU
		{118BA496-746F-497C-B4FB-6BFC885E5E6E}.Release|Any CPU.Build.0 = Release|Any CPU
		{F8A8E2F3-711D-498B-8B8B-02F3469D4803}.Debug|Any CPU.ActiveCfg = Debug|Any CPU
		{F8A8E2F3-711D-498B-8B8B-02F3469D4803}.Debug|Any CPU.Build.0 = Debug|Any CPU
		{F8A8E2F3-711D-498B-8B8B-02F3469D4803}.Release|Any CPU.ActiveCfg = Release|Any CPU
		{F8A8E2F3-711D-498B-8B8B-02F3469D4803}.Release|Any CPU.Build.0 = Release|Any CPU
		{A4C4B0F2-D218-4D06-9235-D9A1850E3C25}.Debug|Any CPU.ActiveCfg = Debug|Any CPU
		{A4C4B0F2-D218-4D06-9235-D9A1850E3C25}.Debug|Any CPU.Build.0 = Debug|Any CPU
		{A4C4B0F2-D218-4D06-9235-D9A1850E3C25}.Release|Any CPU.ActiveCfg = Release|Any CPU
		{A4C4B0F2-D218-4D06-9235-D9A1850E3C25}.Release|Any CPU.Build.0 = Release|Any CPU
	EndGlobalSection
	GlobalSection(SolutionProperties) = preSolution
		HideSolutionNode = FALSE
	EndGlobalSection
	GlobalSection(ExtensibilityGlobals) = postSolution
		SolutionGuid = {FF7A0737-5D77-4272-AFD6-73EDD142D9ED}
	EndGlobalSection
EndGlobal
